// !$*UTF8*$!
{
	archiveVersion = 1;
	classes = {
	};
	objectVersion = 56;
	objects = {

/* Begin PBXBuildFile section */
		03E9B3A22969121A00AF6FF0 /* SqueakApp.swift in Sources */ = {isa = PBXBuildFile; fileRef = 03E9B3A12969121A00AF6FF0 /* SqueakApp.swift */; };
		03E9B3A42969121A00AF6FF0 /* ContentView.swift in Sources */ = {isa = PBXBuildFile; fileRef = 03E9B3A32969121A00AF6FF0 /* ContentView.swift */; };
		03E9B3A62969121B00AF6FF0 /* Assets.xcassets in Resources */ = {isa = PBXBuildFile; fileRef = 03E9B3A52969121B00AF6FF0 /* Assets.xcassets */; };
		03E9B3A92969121B00AF6FF0 /* Preview Assets.xcassets in Resources */ = {isa = PBXBuildFile; fileRef = 03E9B3A82969121B00AF6FF0 /* Preview Assets.xcassets */; };
		03E9B3B2296912BC00AF6FF0 /* Squeak.swift in Sources */ = {isa = PBXBuildFile; fileRef = 03E9B3B1296912BC00AF6FF0 /* Squeak.swift */; };
		03E9B3B5296927BC00AF6FF0 /* PreferencePanesSupport.framework in Frameworks */ = {isa = PBXBuildFile; fileRef = 03E9B3B4296927BC00AF6FF0 /* PreferencePanesSupport.framework */; };
/* End PBXBuildFile section */

/* Begin PBXFileReference section */
		03E9B39E2969121A00AF6FF0 /* Squeak.app */ = {isa = PBXFileReference; explicitFileType = wrapper.application; includeInIndex = 0; path = Squeak.app; sourceTree = BUILT_PRODUCTS_DIR; };
		03E9B3A12969121A00AF6FF0 /* SqueakApp.swift */ = {isa = PBXFileReference; lastKnownFileType = sourcecode.swift; path = SqueakApp.swift; sourceTree = "<group>"; };
		03E9B3A32969121A00AF6FF0 /* ContentView.swift */ = {isa = PBXFileReference; lastKnownFileType = sourcecode.swift; path = ContentView.swift; sourceTree = "<group>"; };
		03E9B3A52969121B00AF6FF0 /* Assets.xcassets */ = {isa = PBXFileReference; lastKnownFileType = folder.assetcatalog; path = Assets.xcassets; sourceTree = "<group>"; };
		03E9B3A82969121B00AF6FF0 /* Preview Assets.xcassets */ = {isa = PBXFileReference; lastKnownFileType = folder.assetcatalog; path = "Preview Assets.xcassets"; sourceTree = "<group>"; };
		03E9B3AA2969121B00AF6FF0 /* Squeak.entitlements */ = {isa = PBXFileReference; lastKnownFileType = text.plist.entitlements; path = Squeak.entitlements; sourceTree = "<group>"; };
		03E9B3B02969125E00AF6FF0 /* Squeak-Bridging-Header.h */ = {isa = PBXFileReference; lastKnownFileType = sourcecode.c.h; path = "Squeak-Bridging-Header.h"; sourceTree = "<group>"; };
		03E9B3B1296912BC00AF6FF0 /* Squeak.swift */ = {isa = PBXFileReference; lastKnownFileType = sourcecode.swift; path = Squeak.swift; sourceTree = "<group>"; };
		03E9B3B4296927BC00AF6FF0 /* PreferencePanesSupport.framework */ = {isa = PBXFileReference; lastKnownFileType = wrapper.framework; name = PreferencePanesSupport.framework; path = ../../../../System/Library/PrivateFrameworks/PreferencePanesSupport.framework; sourceTree = "<group>"; };
/* End PBXFileReference section */

/* Begin PBXFrameworksBuildPhase section */
		03E9B39B2969121A00AF6FF0 /* Frameworks */ = {
			isa = PBXFrameworksBuildPhase;
			buildActionMask = 2147483647;
			files = (
				03E9B3B5296927BC00AF6FF0 /* PreferencePanesSupport.framework in Frameworks */,
			);
			runOnlyForDeploymentPostprocessing = 0;
		};
/* End PBXFrameworksBuildPhase section */

/* Begin PBXGroup section */
		03E9B3952969121A00AF6FF0 = {
			isa = PBXGroup;
			children = (
				03E9B3A02969121A00AF6FF0 /* Squeak */,
				03E9B39F2969121A00AF6FF0 /* Products */,
				03E9B3B3296927BC00AF6FF0 /* Frameworks */,
			);
			sourceTree = "<group>";
		};
		03E9B39F2969121A00AF6FF0 /* Products */ = {
			isa = PBXGroup;
			children = (
				03E9B39E2969121A00AF6FF0 /* Squeak.app */,
			);
			name = Products;
			sourceTree = "<group>";
		};
		03E9B3A02969121A00AF6FF0 /* Squeak */ = {
			isa = PBXGroup;
			children = (
				03E9B3A12969121A00AF6FF0 /* SqueakApp.swift */,
				03E9B3A32969121A00AF6FF0 /* ContentView.swift */,
				03E9B3B1296912BC00AF6FF0 /* Squeak.swift */,
				03E9B3B02969125E00AF6FF0 /* Squeak-Bridging-Header.h */,
				03E9B3A52969121B00AF6FF0 /* Assets.xcassets */,
				03E9B3AA2969121B00AF6FF0 /* Squeak.entitlements */,
				03E9B3A72969121B00AF6FF0 /* Preview Content */,
			);
			path = Squeak;
			sourceTree = "<group>";
		};
		03E9B3A72969121B00AF6FF0 /* Preview Content */ = {
			isa = PBXGroup;
			children = (
				03E9B3A82969121B00AF6FF0 /* Preview Assets.xcassets */,
			);
			path = "Preview Content";
			sourceTree = "<group>";
		};
		03E9B3B3296927BC00AF6FF0 /* Frameworks */ = {
			isa = PBXGroup;
			children = (
				03E9B3B4296927BC00AF6FF0 /* PreferencePanesSupport.framework */,
			);
			name = Frameworks;
			sourceTree = "<group>";
		};
/* End PBXGroup section */

/* Begin PBXNativeTarget section */
		03E9B39D2969121A00AF6FF0 /* Squeak */ = {
			isa = PBXNativeTarget;
			buildConfigurationList = 03E9B3AD2969121B00AF6FF0 /* Build configuration list for PBXNativeTarget "Squeak" */;
			buildPhases = (
				03E9B39A2969121A00AF6FF0 /* Sources */,
				03E9B39B2969121A00AF6FF0 /* Frameworks */,
				03E9B39C2969121A00AF6FF0 /* Resources */,
			);
			buildRules = (
			);
			dependencies = (
			);
			name = Squeak;
			productName = Squeak;
			productReference = 03E9B39E2969121A00AF6FF0 /* Squeak.app */;
			productType = "com.apple.product-type.application";
		};
/* End PBXNativeTarget section */

/* Begin PBXProject section */
		03E9B3962969121A00AF6FF0 /* Project object */ = {
			isa = PBXProject;
			attributes = {
				BuildIndependentTargetsInParallel = 1;
				LastSwiftUpdateCheck = 1420;
				LastUpgradeCheck = 1420;
				TargetAttributes = {
					03E9B39D2969121A00AF6FF0 = {
						CreatedOnToolsVersion = 14.2;
					};
				};
			};
			buildConfigurationList = 03E9B3992969121A00AF6FF0 /* Build configuration list for PBXProject "Squeak" */;
			compatibilityVersion = "Xcode 14.0";
			developmentRegion = en;
			hasScannedForEncodings = 0;
			knownRegions = (
				en,
				Base,
			);
			mainGroup = 03E9B3952969121A00AF6FF0;
			productRefGroup = 03E9B39F2969121A00AF6FF0 /* Products */;
			projectDirPath = "";
			projectRoot = "";
			targets = (
				03E9B39D2969121A00AF6FF0 /* Squeak */,
			);
		};
/* End PBXProject section */

/* Begin PBXResourcesBuildPhase section */
		03E9B39C2969121A00AF6FF0 /* Resources */ = {
			isa = PBXResourcesBuildPhase;
			buildActionMask = 2147483647;
			files = (
				03E9B3A92969121B00AF6FF0 /* Preview Assets.xcassets in Resources */,
				03E9B3A62969121B00AF6FF0 /* Assets.xcassets in Resources */,
			);
			runOnlyForDeploymentPostprocessing = 0;
		};
/* End PBXResourcesBuildPhase section */

/* Begin PBXSourcesBuildPhase section */
		03E9B39A2969121A00AF6FF0 /* Sources */ = {
			isa = PBXSourcesBuildPhase;
			buildActionMask = 2147483647;
			files = (
				03E9B3B2296912BC00AF6FF0 /* Squeak.swift in Sources */,
				03E9B3A42969121A00AF6FF0 /* ContentView.swift in Sources */,
				03E9B3A22969121A00AF6FF0 /* SqueakApp.swift in Sources */,
			);
			runOnlyForDeploymentPostprocessing = 0;
		};
/* End PBXSourcesBuildPhase section */

/* Begin XCBuildConfiguration section */
		03E9B3AB2969121B00AF6FF0 /* Debug */ = {
			isa = XCBuildConfiguration;
			buildSettings = {
				ALWAYS_SEARCH_USER_PATHS = NO;
				CLANG_ANALYZER_NONNULL = YES;
				CLANG_ANALYZER_NUMBER_OBJECT_CONVERSION = YES_AGGRESSIVE;
				CLANG_CXX_LANGUAGE_STANDARD = "gnu++20";
				CLANG_ENABLE_MODULES = YES;
				CLANG_ENABLE_OBJC_ARC = YES;
				CLANG_ENABLE_OBJC_WEAK = YES;
				CLANG_WARN_BLOCK_CAPTURE_AUTORELEASING = YES;
				CLANG_WARN_BOOL_CONVERSION = YES;
				CLANG_WARN_COMMA = YES;
				CLANG_WARN_CONSTANT_CONVERSION = YES;
				CLANG_WARN_DEPRECATED_OBJC_IMPLEMENTATIONS = YES;
				CLANG_WARN_DIRECT_OBJC_ISA_USAGE = YES_ERROR;
				CLANG_WARN_DOCUMENTATION_COMMENTS = YES;
				CLANG_WARN_EMPTY_BODY = YES;
				CLANG_WARN_ENUM_CONVERSION = YES;
				CLANG_WARN_INFINITE_RECURSION = YES;
				CLANG_WARN_INT_CONVERSION = YES;
				CLANG_WARN_NON_LITERAL_NULL_CONVERSION = YES;
				CLANG_WARN_OBJC_IMPLICIT_RETAIN_SELF = YES;
				CLANG_WARN_OBJC_LITERAL_CONVERSION = YES;
				CLANG_WARN_OBJC_ROOT_CLASS = YES_ERROR;
				CLANG_WARN_QUOTED_INCLUDE_IN_FRAMEWORK_HEADER = YES;
				CLANG_WARN_RANGE_LOOP_ANALYSIS = YES;
				CLANG_WARN_STRICT_PROTOTYPES = YES;
				CLANG_WARN_SUSPICIOUS_MOVE = YES;
				CLANG_WARN_UNGUARDED_AVAILABILITY = YES_AGGRESSIVE;
				CLANG_WARN_UNREACHABLE_CODE = YES;
				CLANG_WARN__DUPLICATE_METHOD_MATCH = YES;
				COPY_PHASE_STRIP = NO;
				DEBUG_INFORMATION_FORMAT = dwarf;
				ENABLE_STRICT_OBJC_MSGSEND = YES;
				ENABLE_TESTABILITY = YES;
				GCC_C_LANGUAGE_STANDARD = gnu11;
				GCC_DYNAMIC_NO_PIC = NO;
				GCC_NO_COMMON_BLOCKS = YES;
				GCC_OPTIMIZATION_LEVEL = 0;
				GCC_PREPROCESSOR_DEFINITIONS = (
					"DEBUG=1",
					"$(inherited)",
				);
				GCC_WARN_64_TO_32_BIT_CONVERSION = YES;
				GCC_WARN_ABOUT_RETURN_TYPE = YES_ERROR;
				GCC_WARN_UNDECLARED_SELECTOR = YES;
				GCC_WARN_UNINITIALIZED_AUTOS = YES_AGGRESSIVE;
				GCC_WARN_UNUSED_FUNCTION = YES;
				GCC_WARN_UNUSED_VARIABLE = YES;
				MACOSX_DEPLOYMENT_TARGET = 13.1;
				MTL_ENABLE_DEBUG_INFO = INCLUDE_SOURCE;
				MTL_FAST_MATH = YES;
				ONLY_ACTIVE_ARCH = YES;
				SDKROOT = macosx;
				SWIFT_ACTIVE_COMPILATION_CONDITIONS = DEBUG;
				SWIFT_OPTIMIZATION_LEVEL = "-Onone";
			};
			name = Debug;
		};
		03E9B3AC2969121B00AF6FF0 /* Release */ = {
			isa = XCBuildConfiguration;
			buildSettings = {
				ALWAYS_SEARCH_USER_PATHS = NO;
				CLANG_ANALYZER_NONNULL = YES;
				CLANG_ANALYZER_NUMBER_OBJECT_CONVERSION = YES_AGGRESSIVE;
				CLANG_CXX_LANGUAGE_STANDARD = "gnu++20";
				CLANG_ENABLE_MODULES = YES;
				CLANG_ENABLE_OBJC_ARC = YES;
				CLANG_ENABLE_OBJC_WEAK = YES;
				CLANG_WARN_BLOCK_CAPTURE_AUTORELEASING = YES;
				CLANG_WARN_BOOL_CONVERSION = YES;
				CLANG_WARN_COMMA = YES;
				CLANG_WARN_CONSTANT_CONVERSION = YES;
				CLANG_WARN_DEPRECATED_OBJC_IMPLEMENTATIONS = YES;
				CLANG_WARN_DIRECT_OBJC_ISA_USAGE = YES_ERROR;
				CLANG_WARN_DOCUMENTATION_COMMENTS = YES;
				CLANG_WARN_EMPTY_BODY = YES;
				CLANG_WARN_ENUM_CONVERSION = YES;
				CLANG_WARN_INFINITE_RECURSION = YES;
				CLANG_WARN_INT_CONVERSION = YES;
				CLANG_WARN_NON_LITERAL_NULL_CONVERSION = YES;
				CLANG_WARN_OBJC_IMPLICIT_RETAIN_SELF = YES;
				CLANG_WARN_OBJC_LITERAL_CONVERSION = YES;
				CLANG_WARN_OBJC_ROOT_CLASS = YES_ERROR;
				CLANG_WARN_QUOTED_INCLUDE_IN_FRAMEWORK_HEADER = YES;
				CLANG_WARN_RANGE_LOOP_ANALYSIS = YES;
				CLANG_WARN_STRICT_PROTOTYPES = YES;
				CLANG_WARN_SUSPICIOUS_MOVE = YES;
				CLANG_WARN_UNGUARDED_AVAILABILITY = YES_AGGRESSIVE;
				CLANG_WARN_UNREACHABLE_CODE = YES;
				CLANG_WARN__DUPLICATE_METHOD_MATCH = YES;
				COPY_PHASE_STRIP = NO;
				DEBUG_INFORMATION_FORMAT = "dwarf-with-dsym";
				ENABLE_NS_ASSERTIONS = NO;
				ENABLE_STRICT_OBJC_MSGSEND = YES;
				GCC_C_LANGUAGE_STANDARD = gnu11;
				GCC_NO_COMMON_BLOCKS = YES;
				GCC_WARN_64_TO_32_BIT_CONVERSION = YES;
				GCC_WARN_ABOUT_RETURN_TYPE = YES_ERROR;
				GCC_WARN_UNDECLARED_SELECTOR = YES;
				GCC_WARN_UNINITIALIZED_AUTOS = YES_AGGRESSIVE;
				GCC_WARN_UNUSED_FUNCTION = YES;
				GCC_WARN_UNUSED_VARIABLE = YES;
				MACOSX_DEPLOYMENT_TARGET = 13.1;
				MTL_ENABLE_DEBUG_INFO = NO;
				MTL_FAST_MATH = YES;
				SDKROOT = macosx;
				SWIFT_COMPILATION_MODE = wholemodule;
				SWIFT_OPTIMIZATION_LEVEL = "-O";
			};
			name = Release;
		};
		03E9B3AE2969121B00AF6FF0 /* Debug */ = {
			isa = XCBuildConfiguration;
			buildSettings = {
				ASSETCATALOG_COMPILER_APPICON_NAME = AppIcon;
				ASSETCATALOG_COMPILER_GLOBAL_ACCENT_COLOR_NAME = AccentColor;
				CODE_SIGN_ENTITLEMENTS = Squeak/Squeak.entitlements;
				CODE_SIGN_STYLE = Automatic;
				COMBINE_HIDPI_IMAGES = YES;
				CURRENT_PROJECT_VERSION = 1;
				DEVELOPMENT_ASSET_PATHS = "\"Squeak/Preview Content\"";
				DEVELOPMENT_TEAM = T898B8N3PS;
				ENABLE_HARDENED_RUNTIME = YES;
				ENABLE_PREVIEWS = YES;
				GENERATE_INFOPLIST_FILE = YES;
				INFOPLIST_KEY_NSHumanReadableCopyright = "";
				LD_RUNPATH_SEARCH_PATHS = (
					"$(inherited)",
					"@executable_path/../Frameworks",
				);
				MARKETING_VERSION = 1.0;
				PRODUCT_BUNDLE_IDENTIFIER = com.joshboys.Squeak;
				PRODUCT_NAME = "$(TARGET_NAME)";
				SWIFT_EMIT_LOC_STRINGS = YES;
				SWIFT_OBJC_BRIDGING_HEADER = "Squeak/Squeak-Bridging-Header.h";
				SWIFT_VERSION = 5.0;
				SYSTEM_FRAMEWORK_SEARCH_PATHS = (
					"$(inherited)",
					"$(SYSTEM_LIBRARY_DIR)/PrivateFrameworks",
				);
			};
			name = Debug;
		};
		03E9B3AF2969121B00AF6FF0 /* Release */ = {
			isa = XCBuildConfiguration;
			buildSettings = {
				ASSETCATALOG_COMPILER_APPICON_NAME = AppIcon;
				ASSETCATALOG_COMPILER_GLOBAL_ACCENT_COLOR_NAME = AccentColor;
				CODE_SIGN_ENTITLEMENTS = Squeak/Squeak.entitlements;
				CODE_SIGN_STYLE = Automatic;
				COMBINE_HIDPI_IMAGES = YES;
				CURRENT_PROJECT_VERSION = 1;
				DEVELOPMENT_ASSET_PATHS = "\"Squeak/Preview Content\"";
				DEVELOPMENT_TEAM = T898B8N3PS;
				ENABLE_HARDENED_RUNTIME = YES;
				ENABLE_PREVIEWS = YES;
				GENERATE_INFOPLIST_FILE = YES;
				INFOPLIST_KEY_NSHumanReadableCopyright = "";
				LD_RUNPATH_SEARCH_PATHS = (
					"$(inherited)",
					"@executable_path/../Frameworks",
				);
				MARKETING_VERSION = 1.0;
				PRODUCT_BUNDLE_IDENTIFIER = com.joshboys.Squeak;
				PRODUCT_NAME = "$(TARGET_NAME)";
				SWIFT_EMIT_LOC_STRINGS = YES;
				SWIFT_OBJC_BRIDGING_HEADER = "Squeak/Squeak-Bridging-Header.h";
				SWIFT_VERSION = 5.0;
				SYSTEM_FRAMEWORK_SEARCH_PATHS = (
					"$(inherited)",
					"$(SYSTEM_LIBRARY_DIR)/PrivateFrameworks",
				);
			};
			name = Release;
		};
/* End XCBuildConfiguration section */

/* Begin XCConfigurationList section */
		03E9B3992969121A00AF6FF0 /* Build configuration list for PBXProject "Squeak" */ = {
			isa = XCConfigurationList;
			buildConfigurations = (
				03E9B3AB2969121B00AF6FF0 /* Debug */,
				03E9B3AC2969121B00AF6FF0 /* Release */,
			);
			defaultConfigurationIsVisible = 0;
			defaultConfigurationName = Release;
		};
		03E9B3AD2969121B00AF6FF0 /* Build configuration list for PBXNativeTarget "Squeak" */ = {
			isa = XCConfigurationList;
			buildConfigurations = (
				03E9B3AE2969121B00AF6FF0 /* Debug */,
				03E9B3AF2969121B00AF6FF0 /* Release */,
			);
			defaultConfigurationIsVisible = 0;
			defaultConfigurationName = Release;
		};
/* End XCConfigurationList section */
	};
	rootObject = 03E9B3962969121A00AF6FF0 /* Project object */;
}
